// !$*UTF8*$!
{
	archiveVersion = 1;
	classes = {
	};
	objectVersion = 51;
	objects = {

/* Begin PBXBuildFile section */
		45F1F0F3D0000938769708BB /* Pods_Movies.framework in Frameworks */ = {isa = PBXBuildFile; fileRef = 4F1F83A077819E4FB4716336 /* Pods_Movies.framework */; };
		CE56A0B526451CA900B73D84 /* Detail.storyboard in Resources */ = {isa = PBXBuildFile; fileRef = CE56A0B426451CA900B73D84 /* Detail.storyboard */; };
		CE56A0BE26451DB700B73D84 /* DetailPresenter.swift in Sources */ = {isa = PBXBuildFile; fileRef = CE56A0BD26451DB700B73D84 /* DetailPresenter.swift */; };
		CE56A0DF264542CD00B73D84 /* Router.swift in Sources */ = {isa = PBXBuildFile; fileRef = CE56A0DE264542CD00B73D84 /* Router.swift */; };
		CE56A0ED264559E400B73D84 /* MainPresenterTest.swift in Sources */ = {isa = PBXBuildFile; fileRef = CE56A0EC264559E400B73D84 /* MainPresenterTest.swift */; };
		CE56A0F426456A1800B73D84 /* RouterTest.swift in Sources */ = {isa = PBXBuildFile; fileRef = CE56A0F326456A1800B73D84 /* RouterTest.swift */; };
		CE56A0F92645726100B73D84 /* DetailPresenterTest.swift in Sources */ = {isa = PBXBuildFile; fileRef = CE56A0F82645726100B73D84 /* DetailPresenterTest.swift */; };
		CE56A10326482A3000B73D84 /* RealmProvider.swift in Sources */ = {isa = PBXBuildFile; fileRef = CE56A10226482A2F00B73D84 /* RealmProvider.swift */; };
		CE56A1072648361600B73D84 /* PhotoLoader.swift in Sources */ = {isa = PBXBuildFile; fileRef = CE56A1062648361600B73D84 /* PhotoLoader.swift */; };
		CE8436932641CA2E00B20DFC /* MoviesUnitTests.swift in Sources */ = {isa = PBXBuildFile; fileRef = CE8436922641CA2E00B20DFC /* MoviesUnitTests.swift */; };
		CE8436F32641E15200B20DFC /* InstantiateHelper.swift in Sources */ = {isa = PBXBuildFile; fileRef = CE8436F22641E15200B20DFC /* InstantiateHelper.swift */; };
		CE8437022642FC3C00B20DFC /* MainPresenter.swift in Sources */ = {isa = PBXBuildFile; fileRef = CE8437012642FC3B00B20DFC /* MainPresenter.swift */; };
		CE84370D26431A0D00B20DFC /* ModuleBuilder.swift in Sources */ = {isa = PBXBuildFile; fileRef = CE84370C26431A0D00B20DFC /* ModuleBuilder.swift */; };
		CE98F71C25F94C10008044B4 /* AppDelegate.swift in Sources */ = {isa = PBXBuildFile; fileRef = CE98F71B25F94C10008044B4 /* AppDelegate.swift */; };
		CE98F71E25F94C10008044B4 /* SceneDelegate.swift in Sources */ = {isa = PBXBuildFile; fileRef = CE98F71D25F94C10008044B4 /* SceneDelegate.swift */; };
		CE98F72325F94C10008044B4 /* Main.storyboard in Resources */ = {isa = PBXBuildFile; fileRef = CE98F72125F94C10008044B4 /* Main.storyboard */; };
		CE98F72525F94C17008044B4 /* Assets.xcassets in Resources */ = {isa = PBXBuildFile; fileRef = CE98F72425F94C17008044B4 /* Assets.xcassets */; };
		CE98F72825F94C17008044B4 /* LaunchScreen.storyboard in Resources */ = {isa = PBXBuildFile; fileRef = CE98F72625F94C17008044B4 /* LaunchScreen.storyboard */; };
		CE98F73B25F954C9008044B4 /* DetailController.swift in Sources */ = {isa = PBXBuildFile; fileRef = CE98F73A25F954C9008044B4 /* DetailController.swift */; };
		CE98F74325FA7793008044B4 /* MoviesController.swift in Sources */ = {isa = PBXBuildFile; fileRef = CE98F74225FA7793008044B4 /* MoviesController.swift */; };
		CE98F74825FA784F008044B4 /* Film.swift in Sources */ = {isa = PBXBuildFile; fileRef = CE98F74725FA784F008044B4 /* Film.swift */; };
		CE98F74D25FA78CE008044B4 /* NetworkService.swift in Sources */ = {isa = PBXBuildFile; fileRef = CE98F74C25FA78CE008044B4 /* NetworkService.swift */; };
		CE98F75225FA798F008044B4 /* MovieCell.swift in Sources */ = {isa = PBXBuildFile; fileRef = CE98F75125FA798F008044B4 /* MovieCell.swift */; };
/* End PBXBuildFile section */

/* Begin PBXContainerItemProxy section */
		CE8436952641CA2E00B20DFC /* PBXContainerItemProxy */ = {
			isa = PBXContainerItemProxy;
			containerPortal = CE98F71025F94C10008044B4 /* Project object */;
			proxyType = 1;
			remoteGlobalIDString = CE98F71725F94C10008044B4;
			remoteInfo = Movies;
		};
/* End PBXContainerItemProxy section */

/* Begin PBXFileReference section */
		4F1F83A077819E4FB4716336 /* Pods_Movies.framework */ = {isa = PBXFileReference; explicitFileType = wrapper.framework; includeInIndex = 0; path = Pods_Movies.framework; sourceTree = BUILT_PRODUCTS_DIR; };
		585CAB37C94B770563D58A53 /* Pods-Movies.debug.xcconfig */ = {isa = PBXFileReference; includeInIndex = 1; lastKnownFileType = text.xcconfig; name = "Pods-Movies.debug.xcconfig"; path = "Target Support Files/Pods-Movies/Pods-Movies.debug.xcconfig"; sourceTree = "<group>"; };
		9553E7C2F7F9F396DC84B5EB /* Pods-Movies.release.xcconfig */ = {isa = PBXFileReference; includeInIndex = 1; lastKnownFileType = text.xcconfig; name = "Pods-Movies.release.xcconfig"; path = "Target Support Files/Pods-Movies/Pods-Movies.release.xcconfig"; sourceTree = "<group>"; };
		CE56A0B426451CA900B73D84 /* Detail.storyboard */ = {isa = PBXFileReference; lastKnownFileType = file.storyboard; path = Detail.storyboard; sourceTree = "<group>"; };
		CE56A0BD26451DB700B73D84 /* DetailPresenter.swift */ = {isa = PBXFileReference; lastKnownFileType = sourcecode.swift; path = DetailPresenter.swift; sourceTree = "<group>"; };
		CE56A0DE264542CD00B73D84 /* Router.swift */ = {isa = PBXFileReference; lastKnownFileType = sourcecode.swift; path = Router.swift; sourceTree = "<group>"; };
		CE56A0EC264559E400B73D84 /* MainPresenterTest.swift */ = {isa = PBXFileReference; lastKnownFileType = sourcecode.swift; path = MainPresenterTest.swift; sourceTree = "<group>"; };
		CE56A0F326456A1800B73D84 /* RouterTest.swift */ = {isa = PBXFileReference; lastKnownFileType = sourcecode.swift; path = RouterTest.swift; sourceTree = "<group>"; };
		CE56A0F82645726100B73D84 /* DetailPresenterTest.swift */ = {isa = PBXFileReference; lastKnownFileType = sourcecode.swift; path = DetailPresenterTest.swift; sourceTree = "<group>"; };
		CE56A10226482A2F00B73D84 /* RealmProvider.swift */ = {isa = PBXFileReference; lastKnownFileType = sourcecode.swift; path = RealmProvider.swift; sourceTree = "<group>"; };
		CE56A1062648361600B73D84 /* PhotoLoader.swift */ = {isa = PBXFileReference; lastKnownFileType = sourcecode.swift; path = PhotoLoader.swift; sourceTree = "<group>"; };
		CE8436902641CA2E00B20DFC /* MoviesUnitTests.xctest */ = {isa = PBXFileReference; explicitFileType = wrapper.cfbundle; includeInIndex = 0; path = MoviesUnitTests.xctest; sourceTree = BUILT_PRODUCTS_DIR; };
		CE8436922641CA2E00B20DFC /* MoviesUnitTests.swift */ = {isa = PBXFileReference; lastKnownFileType = sourcecode.swift; path = MoviesUnitTests.swift; sourceTree = "<group>"; };
		CE8436942641CA2E00B20DFC /* Info.plist */ = {isa = PBXFileReference; lastKnownFileType = text.plist.xml; path = Info.plist; sourceTree = "<group>"; };
		CE8436F22641E15200B20DFC /* InstantiateHelper.swift */ = {isa = PBXFileReference; lastKnownFileType = sourcecode.swift; path = InstantiateHelper.swift; sourceTree = "<group>"; };
		CE8437012642FC3B00B20DFC /* MainPresenter.swift */ = {isa = PBXFileReference; lastKnownFileType = sourcecode.swift; path = MainPresenter.swift; sourceTree = "<group>"; };
		CE84370C26431A0D00B20DFC /* ModuleBuilder.swift */ = {isa = PBXFileReference; lastKnownFileType = sourcecode.swift; path = ModuleBuilder.swift; sourceTree = "<group>"; };
		CE98F71825F94C10008044B4 /* Movies.app */ = {isa = PBXFileReference; explicitFileType = wrapper.application; includeInIndex = 0; path = Movies.app; sourceTree = BUILT_PRODUCTS_DIR; };
		CE98F71B25F94C10008044B4 /* AppDelegate.swift */ = {isa = PBXFileReference; lastKnownFileType = sourcecode.swift; path = AppDelegate.swift; sourceTree = "<group>"; };
		CE98F71D25F94C10008044B4 /* SceneDelegate.swift */ = {isa = PBXFileReference; lastKnownFileType = sourcecode.swift; path = SceneDelegate.swift; sourceTree = "<group>"; };
		CE98F72225F94C10008044B4 /* Base */ = {isa = PBXFileReference; lastKnownFileType = file.storyboard; name = Base; path = Base.lproj/Main.storyboard; sourceTree = "<group>"; };
		CE98F72425F94C17008044B4 /* Assets.xcassets */ = {isa = PBXFileReference; lastKnownFileType = folder.assetcatalog; path = Assets.xcassets; sourceTree = "<group>"; };
		CE98F72725F94C17008044B4 /* Base */ = {isa = PBXFileReference; lastKnownFileType = file.storyboard; name = Base; path = Base.lproj/LaunchScreen.storyboard; sourceTree = "<group>"; };
		CE98F72925F94C17008044B4 /* Info.plist */ = {isa = PBXFileReference; lastKnownFileType = text.plist.xml; path = Info.plist; sourceTree = "<group>"; };
		CE98F73A25F954C9008044B4 /* DetailController.swift */ = {isa = PBXFileReference; lastKnownFileType = sourcecode.swift; path = DetailController.swift; sourceTree = "<group>"; };
		CE98F74225FA7793008044B4 /* MoviesController.swift */ = {isa = PBXFileReference; lastKnownFileType = sourcecode.swift; path = MoviesController.swift; sourceTree = "<group>"; };
		CE98F74725FA784F008044B4 /* Film.swift */ = {isa = PBXFileReference; lastKnownFileType = sourcecode.swift; path = Film.swift; sourceTree = "<group>"; };
		CE98F74C25FA78CE008044B4 /* NetworkService.swift */ = {isa = PBXFileReference; lastKnownFileType = sourcecode.swift; path = NetworkService.swift; sourceTree = "<group>"; };
		CE98F75125FA798F008044B4 /* MovieCell.swift */ = {isa = PBXFileReference; lastKnownFileType = sourcecode.swift; path = MovieCell.swift; sourceTree = "<group>"; };
/* End PBXFileReference section */

/* Begin PBXFrameworksBuildPhase section */
		CE84368D2641CA2E00B20DFC /* Frameworks */ = {
			isa = PBXFrameworksBuildPhase;
			buildActionMask = 2147483647;
			files = (
			);
			runOnlyForDeploymentPostprocessing = 0;
		};
		CE98F71525F94C10008044B4 /* Frameworks */ = {
			isa = PBXFrameworksBuildPhase;
			buildActionMask = 2147483647;
			files = (
				45F1F0F3D0000938769708BB /* Pods_Movies.framework in Frameworks */,
			);
			runOnlyForDeploymentPostprocessing = 0;
		};
/* End PBXFrameworksBuildPhase section */

/* Begin PBXGroup section */
		C0791EE0088228E8A1B91375 /* Pods */ = {
			isa = PBXGroup;
			children = (
				585CAB37C94B770563D58A53 /* Pods-Movies.debug.xcconfig */,
				9553E7C2F7F9F396DC84B5EB /* Pods-Movies.release.xcconfig */,
			);
			path = Pods;
			sourceTree = "<group>";
		};
		CE56A0B126451BD800B73D84 /* View */ = {
			isa = PBXGroup;
			children = (
				CE98F73A25F954C9008044B4 /* DetailController.swift */,
				CE56A0B426451CA900B73D84 /* Detail.storyboard */,
			);
			path = View;
			sourceTree = "<group>";
		};
		CE56A0BC26451D7200B73D84 /* Presenter */ = {
			isa = PBXGroup;
			children = (
				CE56A0BD26451DB700B73D84 /* DetailPresenter.swift */,
			);
			path = Presenter;
			sourceTree = "<group>";
		};
		CE56A0F0264559FA00B73D84 /* MainModuleTest */ = {
			isa = PBXGroup;
			children = (
				CE56A0EC264559E400B73D84 /* MainPresenterTest.swift */,
				CE56A0F326456A1800B73D84 /* RouterTest.swift */,
			);
			path = MainModuleTest;
			sourceTree = "<group>";
		};
		CE56A0F72645723200B73D84 /* DetailModuleTest */ = {
			isa = PBXGroup;
			children = (
				CE56A0F82645726100B73D84 /* DetailPresenterTest.swift */,
			);
			path = DetailModuleTest;
			sourceTree = "<group>";
		};
		CE56A10C2648361E00B73D84 /* Network */ = {
			isa = PBXGroup;
			children = (
				CE98F74C25FA78CE008044B4 /* NetworkService.swift */,
				CE56A1062648361600B73D84 /* PhotoLoader.swift */,
			);
			path = Network;
			sourceTree = "<group>";
		};
		CE8436912641CA2E00B20DFC /* MoviesUnitTests */ = {
			isa = PBXGroup;
			children = (
				CE56A0F0264559FA00B73D84 /* MainModuleTest */,
				CE56A0F72645723200B73D84 /* DetailModuleTest */,
				CE8436922641CA2E00B20DFC /* MoviesUnitTests.swift */,
				CE8436942641CA2E00B20DFC /* Info.plist */,
			);
			path = MoviesUnitTests;
			sourceTree = "<group>";
		};
		CE8436D52641D59D00B20DFC /* ServiceLayer */ = {
			isa = PBXGroup;
			children = (
				CE56A10C2648361E00B73D84 /* Network */,
				CE8436F22641E15200B20DFC /* InstantiateHelper.swift */,
				CE84370C26431A0D00B20DFC /* ModuleBuilder.swift */,
				CE56A0DE264542CD00B73D84 /* Router.swift */,
				CE56A10226482A2F00B73D84 /* RealmProvider.swift */,
			);
			path = ServiceLayer;
			sourceTree = "<group>";
		};
		CE8436D82641D5B700B20DFC /* DetailModule */ = {
			isa = PBXGroup;
			children = (
				CE56A0B126451BD800B73D84 /* View */,
				CE56A0BC26451D7200B73D84 /* Presenter */,
			);
			path = DetailModule;
			sourceTree = "<group>";
		};
		CE8436D92641D5CE00B20DFC /* MainModule */ = {
			isa = PBXGroup;
			children = (
				CE8436DF2641D64300B20DFC /* Model */,
				CE8436DC2641D63800B20DFC /* View */,
				CE8437002642FC0400B20DFC /* Presenter */,
			);
			path = MainModule;
			sourceTree = "<group>";
		};
		CE8436DC2641D63800B20DFC /* View */ = {
			isa = PBXGroup;
			children = (
				CE98F72125F94C10008044B4 /* Main.storyboard */,
				CE98F74225FA7793008044B4 /* MoviesController.swift */,
				CE98F75125FA798F008044B4 /* MovieCell.swift */,
			);
			path = View;
			sourceTree = "<group>";
		};
		CE8436DF2641D64300B20DFC /* Model */ = {
			isa = PBXGroup;
			children = (
				CE98F74725FA784F008044B4 /* Film.swift */,
			);
			path = Model;
			sourceTree = "<group>";
		};
		CE8437002642FC0400B20DFC /* Presenter */ = {
			isa = PBXGroup;
			children = (
				CE8437012642FC3B00B20DFC /* MainPresenter.swift */,
			);
			path = Presenter;
			sourceTree = "<group>";
		};
		CE98F70F25F94C10008044B4 = {
			isa = PBXGroup;
			children = (
				CE98F71A25F94C10008044B4 /* Movies */,
				CE8436912641CA2E00B20DFC /* MoviesUnitTests */,
				CE98F71925F94C10008044B4 /* Products */,
				C0791EE0088228E8A1B91375 /* Pods */,
				F5774C7F5783821FE04263DA /* Frameworks */,
			);
			sourceTree = "<group>";
		};
		CE98F71925F94C10008044B4 /* Products */ = {
			isa = PBXGroup;
			children = (
				CE98F71825F94C10008044B4 /* Movies.app */,
				CE8436902641CA2E00B20DFC /* MoviesUnitTests.xctest */,
			);
			name = Products;
			sourceTree = "<group>";
		};
		CE98F71A25F94C10008044B4 /* Movies */ = {
			isa = PBXGroup;
			children = (
				CE98F71B25F94C10008044B4 /* AppDelegate.swift */,
				CE98F71D25F94C10008044B4 /* SceneDelegate.swift */,
				CE8436D92641D5CE00B20DFC /* MainModule */,
				CE8436D82641D5B700B20DFC /* DetailModule */,
				CE8436D52641D59D00B20DFC /* ServiceLayer */,
				CE98F72425F94C17008044B4 /* Assets.xcassets */,
				CE98F72625F94C17008044B4 /* LaunchScreen.storyboard */,
				CE98F72925F94C17008044B4 /* Info.plist */,
			);
			path = Movies;
			sourceTree = "<group>";
		};
		F5774C7F5783821FE04263DA /* Frameworks */ = {
			isa = PBXGroup;
			children = (
				4F1F83A077819E4FB4716336 /* Pods_Movies.framework */,
			);
			name = Frameworks;
			sourceTree = "<group>";
		};
/* End PBXGroup section */

/* Begin PBXNativeTarget section */
		CE84368F2641CA2E00B20DFC /* MoviesUnitTests */ = {
			isa = PBXNativeTarget;
			buildConfigurationList = CE8436992641CA2F00B20DFC /* Build configuration list for PBXNativeTarget "MoviesUnitTests" */;
			buildPhases = (
				CE84368C2641CA2E00B20DFC /* Sources */,
				CE84368D2641CA2E00B20DFC /* Frameworks */,
				CE84368E2641CA2E00B20DFC /* Resources */,
			);
			buildRules = (
			);
			dependencies = (
				CE8436962641CA2E00B20DFC /* PBXTargetDependency */,
			);
			name = MoviesUnitTests;
			productName = MoviesUnitTests;
			productReference = CE8436902641CA2E00B20DFC /* MoviesUnitTests.xctest */;
			productType = "com.apple.product-type.bundle.unit-test";
		};
		CE98F71725F94C10008044B4 /* Movies */ = {
			isa = PBXNativeTarget;
			buildConfigurationList = CE98F72C25F94C17008044B4 /* Build configuration list for PBXNativeTarget "Movies" */;
			buildPhases = (
				319CBB0B1E7FBE68E053F4E9 /* [CP] Check Pods Manifest.lock */,
				CE98F71425F94C10008044B4 /* Sources */,
				CE98F71525F94C10008044B4 /* Frameworks */,
				CE98F71625F94C10008044B4 /* Resources */,
				CE98F75B25FA830A008044B4 /* SwiftFormat */,
				CE98F75A25FA8308008044B4 /* SwiftLint */,
				16DEF942B84C430E8C9F8374 /* [CP] Embed Pods Frameworks */,
			);
			buildRules = (
			);
			dependencies = (
			);
			name = Movies;
			productName = Movies;
			productReference = CE98F71825F94C10008044B4 /* Movies.app */;
			productType = "com.apple.product-type.application";
		};
/* End PBXNativeTarget section */

/* Begin PBXProject section */
		CE98F71025F94C10008044B4 /* Project object */ = {
			isa = PBXProject;
			attributes = {
				LastSwiftUpdateCheck = 1220;
				LastUpgradeCheck = 1220;
				TargetAttributes = {
					CE84368F2641CA2E00B20DFC = {
						CreatedOnToolsVersion = 12.2;
						TestTargetID = CE98F71725F94C10008044B4;
					};
					CE98F71725F94C10008044B4 = {
						CreatedOnToolsVersion = 12.2;
					};
				};
			};
			buildConfigurationList = CE98F71325F94C10008044B4 /* Build configuration list for PBXProject "Movies" */;
			compatibilityVersion = "Xcode 9.3";
			developmentRegion = en;
			hasScannedForEncodings = 0;
			knownRegions = (
				en,
				Base,
			);
			mainGroup = CE98F70F25F94C10008044B4;
			productRefGroup = CE98F71925F94C10008044B4 /* Products */;
			projectDirPath = "";
			projectRoot = "";
			targets = (
				CE98F71725F94C10008044B4 /* Movies */,
				CE84368F2641CA2E00B20DFC /* MoviesUnitTests */,
			);
		};
/* End PBXProject section */

/* Begin PBXResourcesBuildPhase section */
		CE84368E2641CA2E00B20DFC /* Resources */ = {
			isa = PBXResourcesBuildPhase;
			buildActionMask = 2147483647;
			files = (
			);
			runOnlyForDeploymentPostprocessing = 0;
		};
		CE98F71625F94C10008044B4 /* Resources */ = {
			isa = PBXResourcesBuildPhase;
			buildActionMask = 2147483647;
			files = (
				CE98F72825F94C17008044B4 /* LaunchScreen.storyboard in Resources */,
				CE98F72525F94C17008044B4 /* Assets.xcassets in Resources */,
				CE98F72325F94C10008044B4 /* Main.storyboard in Resources */,
				CE56A0B526451CA900B73D84 /* Detail.storyboard in Resources */,
			);
			runOnlyForDeploymentPostprocessing = 0;
		};
/* End PBXResourcesBuildPhase section */

/* Begin PBXShellScriptBuildPhase section */
		16DEF942B84C430E8C9F8374 /* [CP] Embed Pods Frameworks */ = {
			isa = PBXShellScriptBuildPhase;
			buildActionMask = 2147483647;
			files = (
			);
			inputFileListPaths = (
				"${PODS_ROOT}/Target Support Files/Pods-Movies/Pods-Movies-frameworks-${CONFIGURATION}-input-files.xcfilelist",
			);
			name = "[CP] Embed Pods Frameworks";
			outputFileListPaths = (
				"${PODS_ROOT}/Target Support Files/Pods-Movies/Pods-Movies-frameworks-${CONFIGURATION}-output-files.xcfilelist",
			);
			runOnlyForDeploymentPostprocessing = 0;
			shellPath = /bin/sh;
			shellScript = "\"${PODS_ROOT}/Target Support Files/Pods-Movies/Pods-Movies-frameworks.sh\"\n";
			showEnvVarsInLog = 0;
		};
		319CBB0B1E7FBE68E053F4E9 /* [CP] Check Pods Manifest.lock */ = {
			isa = PBXShellScriptBuildPhase;
			buildActionMask = 2147483647;
			files = (
			);
			inputFileListPaths = (
			);
			inputPaths = (
				"${PODS_PODFILE_DIR_PATH}/Podfile.lock",
				"${PODS_ROOT}/Manifest.lock",
			);
			name = "[CP] Check Pods Manifest.lock";
			outputFileListPaths = (
			);
			outputPaths = (
				"$(DERIVED_FILE_DIR)/Pods-Movies-checkManifestLockResult.txt",
			);
			runOnlyForDeploymentPostprocessing = 0;
			shellPath = /bin/sh;
			shellScript = "diff \"${PODS_PODFILE_DIR_PATH}/Podfile.lock\" \"${PODS_ROOT}/Manifest.lock\" > /dev/null\nif [ $? != 0 ] ; then\n    # print error to STDERR\n    echo \"error: The sandbox is not in sync with the Podfile.lock. Run 'pod install' or update your CocoaPods installation.\" >&2\n    exit 1\nfi\n# This output is used by Xcode 'outputs' to avoid re-running this script phase.\necho \"SUCCESS\" > \"${SCRIPT_OUTPUT_FILE_0}\"\n";
			showEnvVarsInLog = 0;
		};
		CE98F75A25FA8308008044B4 /* SwiftLint */ = {
			isa = PBXShellScriptBuildPhase;
			buildActionMask = 2147483647;
			files = (
			);
			inputFileListPaths = (
			);
			inputPaths = (
			);
			name = SwiftLint;
			outputFileListPaths = (
			);
			outputPaths = (
			);
			runOnlyForDeploymentPostprocessing = 0;
			shellPath = /bin/sh;
			shellScript = "if which swiftlint >/dev/null; then\n  swiftlint\nelse\n  echo \"warning: SwiftLint not installed, download from https://github.com/realm/SwiftLint\"\nfi\n";
		};
		CE98F75B25FA830A008044B4 /* SwiftFormat */ = {
			isa = PBXShellScriptBuildPhase;
			buildActionMask = 2147483647;
			files = (
			);
			inputFileListPaths = (
			);
			inputPaths = (
			);
			name = SwiftFormat;
			outputFileListPaths = (
			);
			outputPaths = (
			);
			runOnlyForDeploymentPostprocessing = 0;
			shellPath = /bin/sh;
			shellScript = "if which swiftformat >/dev/null; then\n  swiftformat .\nelse\n  echo \"warning: SwiftFormat not installed, download from https://github.com/nicklockwood/SwiftFormat\"\nfi\n";
		};
/* End PBXShellScriptBuildPhase section */

/* Begin PBXSourcesBuildPhase section */
		CE84368C2641CA2E00B20DFC /* Sources */ = {
			isa = PBXSourcesBuildPhase;
			buildActionMask = 2147483647;
			files = (
				CE8436932641CA2E00B20DFC /* MoviesUnitTests.swift in Sources */,
				CE56A0F426456A1800B73D84 /* RouterTest.swift in Sources */,
				CE56A0ED264559E400B73D84 /* MainPresenterTest.swift in Sources */,
				CE56A0F92645726100B73D84 /* DetailPresenterTest.swift in Sources */,
			);
			runOnlyForDeploymentPostprocessing = 0;
		};
		CE98F71425F94C10008044B4 /* Sources */ = {
			isa = PBXSourcesBuildPhase;
			buildActionMask = 2147483647;
			files = (
				CE98F74325FA7793008044B4 /* MoviesController.swift in Sources */,
				CE98F73B25F954C9008044B4 /* DetailController.swift in Sources */,
				CE98F75225FA798F008044B4 /* MovieCell.swift in Sources */,
				CE98F74D25FA78CE008044B4 /* NetworkService.swift in Sources */,
				CE98F71C25F94C10008044B4 /* AppDelegate.swift in Sources */,
				CE56A10326482A3000B73D84 /* RealmProvider.swift in Sources */,
				CE98F71E25F94C10008044B4 /* SceneDelegate.swift in Sources */,
				CE56A0DF264542CD00B73D84 /* Router.swift in Sources */,
				CE8437022642FC3C00B20DFC /* MainPresenter.swift in Sources */,
				CE8436F32641E15200B20DFC /* InstantiateHelper.swift in Sources */,
				CE56A0BE26451DB700B73D84 /* DetailPresenter.swift in Sources */,
				CE56A1072648361600B73D84 /* PhotoLoader.swift in Sources */,
				CE98F74825FA784F008044B4 /* Film.swift in Sources */,
				CE84370D26431A0D00B20DFC /* ModuleBuilder.swift in Sources */,
			);
			runOnlyForDeploymentPostprocessing = 0;
		};
/* End PBXSourcesBuildPhase section */

/* Begin PBXTargetDependency section */
		CE8436962641CA2E00B20DFC /* PBXTargetDependency */ = {
			isa = PBXTargetDependency;
			target = CE98F71725F94C10008044B4 /* Movies */;
			targetProxy = CE8436952641CA2E00B20DFC /* PBXContainerItemProxy */;
		};
/* End PBXTargetDependency section */

/* Begin PBXVariantGroup section */
		CE98F72125F94C10008044B4 /* Main.storyboard */ = {
			isa = PBXVariantGroup;
			children = (
				CE98F72225F94C10008044B4 /* Base */,
			);
			name = Main.storyboard;
			sourceTree = "<group>";
		};
		CE98F72625F94C17008044B4 /* LaunchScreen.storyboard */ = {
			isa = PBXVariantGroup;
			children = (
				CE98F72725F94C17008044B4 /* Base */,
			);
			name = LaunchScreen.storyboard;
			sourceTree = "<group>";
		};
/* End PBXVariantGroup section */

/* Begin XCBuildConfiguration section */
		CE8436972641CA2F00B20DFC /* Debug */ = {
			isa = XCBuildConfiguration;
			buildSettings = {
				BUNDLE_LOADER = "$(TEST_HOST)";
				CODE_SIGN_STYLE = Automatic;
				INFOPLIST_FILE = MoviesUnitTests/Info.plist;
				LD_RUNPATH_SEARCH_PATHS = (
					"$(inherited)",
					"@executable_path/Frameworks",
					"@loader_path/Frameworks",
				);
				PRODUCT_BUNDLE_IDENTIFIER = AntonIlyin.MoviesUnitTests;
				PRODUCT_NAME = "$(TARGET_NAME)";
				SWIFT_VERSION = 5.0;
				TARGETED_DEVICE_FAMILY = "1,2";
				TEST_HOST = "$(BUILT_PRODUCTS_DIR)/Movies.app/Movies";
			};
			name = Debug;
		};
		CE8436982641CA2F00B20DFC /* Release */ = {
			isa = XCBuildConfiguration;
			buildSettings = {
				BUNDLE_LOADER = "$(TEST_HOST)";
				CODE_SIGN_STYLE = Automatic;
				INFOPLIST_FILE = MoviesUnitTests/Info.plist;
				LD_RUNPATH_SEARCH_PATHS = (
					"$(inherited)",
					"@executable_path/Frameworks",
					"@loader_path/Frameworks",
				);
				PRODUCT_BUNDLE_IDENTIFIER = AntonIlyin.MoviesUnitTests;
				PRODUCT_NAME = "$(TARGET_NAME)";
				SWIFT_VERSION = 5.0;
				TARGETED_DEVICE_FAMILY = "1,2";
				TEST_HOST = "$(BUILT_PRODUCTS_DIR)/Movies.app/Movies";
			};
			name = Release;
		};
		CE98F72A25F94C17008044B4 /* Debug */ = {
			isa = XCBuildConfiguration;
			buildSettings = {
				ALWAYS_SEARCH_USER_PATHS = NO;
				CLANG_ANALYZER_NONNULL = YES;
				CLANG_ANALYZER_NUMBER_OBJECT_CONVERSION = YES_AGGRESSIVE;
				CLANG_CXX_LANGUAGE_STANDARD = "gnu++14";
				CLANG_CXX_LIBRARY = "libc++";
				CLANG_ENABLE_MODULES = YES;
				CLANG_ENABLE_OBJC_ARC = YES;
				CLANG_ENABLE_OBJC_WEAK = YES;
				CLANG_WARN_BLOCK_CAPTURE_AUTORELEASING = YES;
				CLANG_WARN_BOOL_CONVERSION = YES;
				CLANG_WARN_COMMA = YES;
				CLANG_WARN_CONSTANT_CONVERSION = YES;
				CLANG_WARN_DEPRECATED_OBJC_IMPLEMENTATIONS = YES;
				CLANG_WARN_DIRECT_OBJC_ISA_USAGE = YES_ERROR;
				CLANG_WARN_DOCUMENTATION_COMMENTS = YES;
				CLANG_WARN_EMPTY_BODY = YES;
				CLANG_WARN_ENUM_CONVERSION = YES;
				CLANG_WARN_INFINITE_RECURSION = YES;
				CLANG_WARN_INT_CONVERSION = YES;
				CLANG_WARN_NON_LITERAL_NULL_CONVERSION = YES;
				CLANG_WARN_OBJC_IMPLICIT_RETAIN_SELF = YES;
				CLANG_WARN_OBJC_LITERAL_CONVERSION = YES;
				CLANG_WARN_OBJC_ROOT_CLASS = YES_ERROR;
				CLANG_WARN_QUOTED_INCLUDE_IN_FRAMEWORK_HEADER = YES;
				CLANG_WARN_RANGE_LOOP_ANALYSIS = YES;
				CLANG_WARN_STRICT_PROTOTYPES = YES;
				CLANG_WARN_SUSPICIOUS_MOVE = YES;
				CLANG_WARN_UNGUARDED_AVAILABILITY = YES_AGGRESSIVE;
				CLANG_WARN_UNREACHABLE_CODE = YES;
				CLANG_WARN__DUPLICATE_METHOD_MATCH = YES;
				COPY_PHASE_STRIP = NO;
				DEBUG_INFORMATION_FORMAT = dwarf;
				ENABLE_STRICT_OBJC_MSGSEND = YES;
				ENABLE_TESTABILITY = YES;
				GCC_C_LANGUAGE_STANDARD = gnu11;
				GCC_DYNAMIC_NO_PIC = NO;
				GCC_NO_COMMON_BLOCKS = YES;
				GCC_OPTIMIZATION_LEVEL = 0;
				GCC_PREPROCESSOR_DEFINITIONS = (
					"DEBUG=1",
					"$(inherited)",
				);
				GCC_WARN_64_TO_32_BIT_CONVERSION = YES;
				GCC_WARN_ABOUT_RETURN_TYPE = YES_ERROR;
				GCC_WARN_UNDECLARED_SELECTOR = YES;
				GCC_WARN_UNINITIALIZED_AUTOS = YES_AGGRESSIVE;
				GCC_WARN_UNUSED_FUNCTION = YES;
				GCC_WARN_UNUSED_VARIABLE = YES;
				IPHONEOS_DEPLOYMENT_TARGET = 14.2;
				MTL_ENABLE_DEBUG_INFO = INCLUDE_SOURCE;
				MTL_FAST_MATH = YES;
				ONLY_ACTIVE_ARCH = YES;
				SDKROOT = iphoneos;
				SWIFT_ACTIVE_COMPILATION_CONDITIONS = DEBUG;
				SWIFT_OPTIMIZATION_LEVEL = "-Onone";
			};
			name = Debug;
		};
		CE98F72B25F94C17008044B4 /* Release */ = {
			isa = XCBuildConfiguration;
			buildSettings = {
				ALWAYS_SEARCH_USER_PATHS = NO;
				CLANG_ANALYZER_NONNULL = YES;
				CLANG_ANALYZER_NUMBER_OBJECT_CONVERSION = YES_AGGRESSIVE;
				CLANG_CXX_LANGUAGE_STANDARD = "gnu++14";
				CLANG_CXX_LIBRARY = "libc++";
				CLANG_ENABLE_MODULES = YES;
				CLANG_ENABLE_OBJC_ARC = YES;
				CLANG_ENABLE_OBJC_WEAK = YES;
				CLANG_WARN_BLOCK_CAPTURE_AUTORELEASING = YES;
				CLANG_WARN_BOOL_CONVERSION = YES;
				CLANG_WARN_COMMA = YES;
				CLANG_WARN_CONSTANT_CONVERSION = YES;
				CLANG_WARN_DEPRECATED_OBJC_IMPLEMENTATIONS = YES;
				CLANG_WARN_DIRECT_OBJC_ISA_USAGE = YES_ERROR;
				CLANG_WARN_DOCUMENTATION_COMMENTS = YES;
				CLANG_WARN_EMPTY_BODY = YES;
				CLANG_WARN_ENUM_CONVERSION = YES;
				CLANG_WARN_INFINITE_RECURSION = YES;
				CLANG_WARN_INT_CONVERSION = YES;
				CLANG_WARN_NON_LITERAL_NULL_CONVERSION = YES;
				CLANG_WARN_OBJC_IMPLICIT_RETAIN_SELF = YES;
				CLANG_WARN_OBJC_LITERAL_CONVERSION = YES;
				CLANG_WARN_OBJC_ROOT_CLASS = YES_ERROR;
				CLANG_WARN_QUOTED_INCLUDE_IN_FRAMEWORK_HEADER = YES;
				CLANG_WARN_RANGE_LOOP_ANALYSIS = YES;
				CLANG_WARN_STRICT_PROTOTYPES = YES;
				CLANG_WARN_SUSPICIOUS_MOVE = YES;
				CLANG_WARN_UNGUARDED_AVAILABILITY = YES_AGGRESSIVE;
				CLANG_WARN_UNREACHABLE_CODE = YES;
				CLANG_WARN__DUPLICATE_METHOD_MATCH = YES;
				COPY_PHASE_STRIP = NO;
				DEBUG_INFORMATION_FORMAT = "dwarf-with-dsym";
				ENABLE_NS_ASSERTIONS = NO;
				ENABLE_STRICT_OBJC_MSGSEND = YES;
				GCC_C_LANGUAGE_STANDARD = gnu11;
				GCC_NO_COMMON_BLOCKS = YES;
				GCC_WARN_64_TO_32_BIT_CONVERSION = YES;
				GCC_WARN_ABOUT_RETURN_TYPE = YES_ERROR;
				GCC_WARN_UNDECLARED_SELECTOR = YES;
				GCC_WARN_UNINITIALIZED_AUTOS = YES_AGGRESSIVE;
				GCC_WARN_UNUSED_FUNCTION = YES;
				GCC_WARN_UNUSED_VARIABLE = YES;
				IPHONEOS_DEPLOYMENT_TARGET = 14.2;
				MTL_ENABLE_DEBUG_INFO = NO;
				MTL_FAST_MATH = YES;
				SDKROOT = iphoneos;
				SWIFT_COMPILATION_MODE = wholemodule;
				SWIFT_OPTIMIZATION_LEVEL = "-O";
				VALIDATE_PRODUCT = YES;
			};
			name = Release;
		};
		CE98F72D25F94C17008044B4 /* Debug */ = {
			isa = XCBuildConfiguration;
			baseConfigurationReference = 585CAB37C94B770563D58A53 /* Pods-Movies.debug.xcconfig */;
			buildSettings = {
				ASSETCATALOG_COMPILER_APPICON_NAME = AppIcon;
				ASSETCATALOG_COMPILER_GLOBAL_ACCENT_COLOR_NAME = AccentColor;
				CODE_SIGN_STYLE = Automatic;
				INFOPLIST_FILE = Movies/Info.plist;
				LD_RUNPATH_SEARCH_PATHS = (
					"$(inherited)",
					"@executable_path/Frameworks",
				);
				PRODUCT_BUNDLE_IDENTIFIER = AntonIlyin.Movies;
				PRODUCT_NAME = "$(TARGET_NAME)";
				SWIFT_VERSION = 5.0;
				TARGETED_DEVICE_FAMILY = "1,2";
			};
			name = Debug;
		};
		CE98F72E25F94C17008044B4 /* Release */ = {
			isa = XCBuildConfiguration;
			baseConfigurationReference = 9553E7C2F7F9F396DC84B5EB /* Pods-Movies.release.xcconfig */;
			buildSettings = {
				ASSETCATALOG_COMPILER_APPICON_NAME = AppIcon;
				ASSETCATALOG_COMPILER_GLOBAL_ACCENT_COLOR_NAME = AccentColor;
				CODE_SIGN_STYLE = Automatic;
				INFOPLIST_FILE = Movies/Info.plist;
				LD_RUNPATH_SEARCH_PATHS = (
					"$(inherited)",
					"@executable_path/Frameworks",
				);
				PRODUCT_BUNDLE_IDENTIFIER = AntonIlyin.Movies;
				PRODUCT_NAME = "$(TARGET_NAME)";
				SWIFT_VERSION = 5.0;
				TARGETED_DEVICE_FAMILY = "1,2";
			};
			name = Release;
		};
/* End XCBuildConfiguration section */

/* Begin XCConfigurationList section */
		CE8436992641CA2F00B20DFC /* Build configuration list for PBXNativeTarget "MoviesUnitTests" */ = {
			isa = XCConfigurationList;
			buildConfigurations = (
				CE8436972641CA2F00B20DFC /* Debug */,
				CE8436982641CA2F00B20DFC /* Release */,
			);
			defaultConfigurationIsVisible = 0;
			defaultConfigurationName = Release;
		};
		CE98F71325F94C10008044B4 /* Build configuration list for PBXProject "Movies" */ = {
			isa = XCConfigurationList;
			buildConfigurations = (
				CE98F72A25F94C17008044B4 /* Debug */,
				CE98F72B25F94C17008044B4 /* Release */,
			);
			defaultConfigurationIsVisible = 0;
			defaultConfigurationName = Release;
		};
		CE98F72C25F94C17008044B4 /* Build configuration list for PBXNativeTarget "Movies" */ = {
			isa = XCConfigurationList;
			buildConfigurations = (
				CE98F72D25F94C17008044B4 /* Debug */,
				CE98F72E25F94C17008044B4 /* Release */,
			);
			defaultConfigurationIsVisible = 0;
			defaultConfigurationName = Release;
		};
/* End XCConfigurationList section */
	};
	rootObject = CE98F71025F94C10008044B4 /* Project object */;
}
